Microsoft Visual Studio Solution File, Format Version 12.00
# Visual Studio Version 17
VisualStudioVersion = 17.5.2.0
MinimumVisualStudioVersion = 10.0.40219.1
Project("{FAE04EC0-301F-11D3-BF4B-00C04F79EFBC}") = "SClinic", "SClinic.csproj", "{39EDF6A2-0AA1-9D48-78C9-96842351F579}"
EndProject
Global
	GlobalSection(SolutionConfigurationPlatforms) = preSolution
		Debug|Any CPU = Debug|Any CPU
		Release|Any CPU = Release|Any CPU
	EndGlobalSection
	GlobalSection(ProjectConfigurationPlatforms) = postSolution
		{39EDF6A2-0AA1-9D48-78C9-96842351F579}.Debug|Any CPU.ActiveCfg = Debug|Any CPU
		{39EDF6A2-0AA1-9D48-78C9-96842351F579}.Debug|Any CPU.Build.0 = Debug|Any CPU
		{39EDF6A2-0AA1-9D48-78C9-96842351F579}.Release|Any CPU.ActiveCfg = Release|Any CPU
		{39EDF6A2-0AA1-9D48-78C9-96842351F579}.Release|Any CPU.Build.0 = Release|Any CPU
	EndGlobalSection
	GlobalSection(SolutionProperties) = preSolution
		HideSolutionNode = FALSE
	EndGlobalSection
	GlobalSection(ExtensibilityGlobals) = postSolution
		SolutionGuid = {F3DD3BCE-2B27-44D6-A773-FDE21AF0A4BA}
	EndGlobalSection
EndGlobal
